
Microsoft Visual Studio Solution File, Format Version 12.00
# Visual Studio Version 17
VisualStudioVersion = 17.1.32228.430
MinimumVisualStudioVersion = 10.0.40219.1
Project("{FAE04EC0-301F-11D3-BF4B-00C04F79EFBC}") = "TestTask.Server", "TestTask\Server\TestTask.Server.csproj", "{3C25684F-FA7E-4362-B5BE-A9E057577236}"
EndProject
Project("{FAE04EC0-301F-11D3-BF4B-00C04F79EFBC}") = "TestTask.Client", "TestTask\Client\TestTask.Client.csproj", "{C7AA073B-1E2D-4766-A506-A9D94A9910A9}"
EndProject
Project("{FAE04EC0-301F-11D3-BF4B-00C04F79EFBC}") = "TestTask.Shared", "TestTask\Shared\TestTask.Shared.csproj", "{85EAEEE0-CB88-4D01-B710-488DE45A88D9}"
EndProject
Project("{FAE04EC0-301F-11D3-BF4B-00C04F79EFBC}") = "ParcerLibrarry", "ParcerLibrarry\ParcerLibrarry.csproj", "{B57B88A8-85F0-4701-A775-DC4D5249DCA4}"
EndProject
Global
	GlobalSection(SolutionConfigurationPlatforms) = preSolution
		Debug|Any CPU = Debug|Any CPU
		Release|Any CPU = Release|Any CPU
	EndGlobalSection
	GlobalSection(ProjectConfigurationPlatforms) = postSolution
		{3C25684F-FA7E-4362-B5BE-A9E057577236}.Debug|Any CPU.ActiveCfg = Debug|Any CPU
		{3C25684F-FA7E-4362-B5BE-A9E057577236}.Debug|Any CPU.Build.0 = Debug|Any CPU
		{3C25684F-FA7E-4362-B5BE-A9E057577236}.Release|Any CPU.ActiveCfg = Release|Any CPU
		{3C25684F-FA7E-4362-B5BE-A9E057577236}.Release|Any CPU.Build.0 = Release|Any CPU
		{C7AA073B-1E2D-4766-A506-A9D94A9910A9}.Debug|Any CPU.ActiveCfg = Debug|Any CPU
		{C7AA073B-1E2D-4766-A506-A9D94A9910A9}.Debug|Any CPU.Build.0 = Debug|Any CPU
		{C7AA073B-1E2D-4766-A506-A9D94A9910A9}.Release|Any CPU.ActiveCfg = Release|Any CPU
		{C7AA073B-1E2D-4766-A506-A9D94A9910A9}.Release|Any CPU.Build.0 = Release|Any CPU
		{85EAEEE0-CB88-4D01-B710-488DE45A88D9}.Debug|Any CPU.ActiveCfg = Debug|Any CPU
		{85EAEEE0-CB88-4D01-B710-488DE45A88D9}.Debug|Any CPU.Build.0 = Debug|Any CPU
		{85EAEEE0-CB88-4D01-B710-488DE45A88D9}.Release|Any CPU.ActiveCfg = Release|Any CPU
		{85EAEEE0-CB88-4D01-B710-488DE45A88D9}.Release|Any CPU.Build.0 = Release|Any CPU
		{B57B88A8-85F0-4701-A775-DC4D5249DCA4}.Debug|Any CPU.ActiveCfg = Debug|Any CPU
		{B57B88A8-85F0-4701-A775-DC4D5249DCA4}.Debug|Any CPU.Build.0 = Debug|Any CPU
		{B57B88A8-85F0-4701-A775-DC4D5249DCA4}.Release|Any CPU.ActiveCfg = Release|Any CPU
		{B57B88A8-85F0-4701-A775-DC4D5249DCA4}.Release|Any CPU.Build.0 = Release|Any CPU
	EndGlobalSection
	GlobalSection(SolutionProperties) = preSolution
		HideSolutionNode = FALSE
	EndGlobalSection
	GlobalSection(ExtensibilityGlobals) = postSolution
		SolutionGuid = {9663883D-F3CE-40CF-BAF7-0E8A88FE6D57}
	EndGlobalSection
EndGlobal
