
Microsoft Visual Studio Solution File, Format Version 12.00
# Visual Studio Version 17
VisualStudioVersion = 17.1.32228.430
MinimumVisualStudioVersion = 10.0.40219.1
Project("{FAE04EC0-301F-11D3-BF4B-00C04F79EFBC}") = "TestTask.Server", "TestTask\Server\TestTask.Server.csproj", "{D7C7BDE9-1DAB-4143-A347-D18557410BD6}"
EndProject
Project("{FAE04EC0-301F-11D3-BF4B-00C04F79EFBC}") = "TestTask.Client", "TestTask\Client\TestTask.Client.csproj", "{143CD48B-BD43-4203-BDD6-13FE4D62920B}"
EndProject
Project("{FAE04EC0-301F-11D3-BF4B-00C04F79EFBC}") = "TestTask.Shared", "TestTask\Shared\TestTask.Shared.csproj", "{CB960A86-73AC-4BAE-9D34-8DCCA62B593F}"
EndProject
Project("{FAE04EC0-301F-11D3-BF4B-00C04F79EFBC}") = "ParcerLibrarry", "ParcerLibrarry\ParcerLibrarry.csproj", "{AB3C931E-DC69-4D28-BC41-8C1190260E19}"
EndProject
Global
	GlobalSection(SolutionConfigurationPlatforms) = preSolution
		Debug|Any CPU = Debug|Any CPU
		Release|Any CPU = Release|Any CPU
	EndGlobalSection
	GlobalSection(ProjectConfigurationPlatforms) = postSolution
		{D7C7BDE9-1DAB-4143-A347-D18557410BD6}.Debug|Any CPU.ActiveCfg = Debug|Any CPU
		{D7C7BDE9-1DAB-4143-A347-D18557410BD6}.Debug|Any CPU.Build.0 = Debug|Any CPU
		{D7C7BDE9-1DAB-4143-A347-D18557410BD6}.Release|Any CPU.ActiveCfg = Release|Any CPU
		{D7C7BDE9-1DAB-4143-A347-D18557410BD6}.Release|Any CPU.Build.0 = Release|Any CPU
		{143CD48B-BD43-4203-BDD6-13FE4D62920B}.Debug|Any CPU.ActiveCfg = Debug|Any CPU
		{143CD48B-BD43-4203-BDD6-13FE4D62920B}.Debug|Any CPU.Build.0 = Debug|Any CPU
		{143CD48B-BD43-4203-BDD6-13FE4D62920B}.Release|Any CPU.ActiveCfg = Release|Any CPU
		{143CD48B-BD43-4203-BDD6-13FE4D62920B}.Release|Any CPU.Build.0 = Release|Any CPU
		{CB960A86-73AC-4BAE-9D34-8DCCA62B593F}.Debug|Any CPU.ActiveCfg = Debug|Any CPU
		{CB960A86-73AC-4BAE-9D34-8DCCA62B593F}.Debug|Any CPU.Build.0 = Debug|Any CPU
		{CB960A86-73AC-4BAE-9D34-8DCCA62B593F}.Release|Any CPU.ActiveCfg = Release|Any CPU
		{CB960A86-73AC-4BAE-9D34-8DCCA62B593F}.Release|Any CPU.Build.0 = Release|Any CPU
		{AB3C931E-DC69-4D28-BC41-8C1190260E19}.Debug|Any CPU.ActiveCfg = Debug|Any CPU
		{AB3C931E-DC69-4D28-BC41-8C1190260E19}.Debug|Any CPU.Build.0 = Debug|Any CPU
		{AB3C931E-DC69-4D28-BC41-8C1190260E19}.Release|Any CPU.ActiveCfg = Release|Any CPU
		{AB3C931E-DC69-4D28-BC41-8C1190260E19}.Release|Any CPU.Build.0 = Release|Any CPU
	EndGlobalSection
	GlobalSection(SolutionProperties) = preSolution
		HideSolutionNode = FALSE
	EndGlobalSection
	GlobalSection(ExtensibilityGlobals) = postSolution
		SolutionGuid = {A40863C0-486C-40D2-8EBF-5C795E7B7204}
	EndGlobalSection
EndGlobal
